
Microsoft Visual Studio Solution File, Format Version 12.00
# Visual Studio 14
VisualStudioVersion = 14.0.24720.0
MinimumVisualStudioVersion = 10.0.40219.1
Project("{2150E333-8FDC-42A3-9474-1A3956D46DE8}") = "Git realtion item", "Git realtion item", "{19989391-F78E-4B9E-A1C1-05CDAECD4B76}"
	ProjectSection(SolutionItems) = preProject
		.gitattributes = .gitattributes
		.gitignore = .gitignore
	EndProjectSection
EndProject
Project("{2150E333-8FDC-42A3-9474-1A3956D46DE8}") = "Documents", "Documents", "{ED11ACFF-94DB-4785-84E6-E63789DCC0E3}"
	ProjectSection(SolutionItems) = preProject
		doc\readme.txt = doc\readme.txt
	EndProjectSection
EndProject
Project("{FAE04EC0-301F-11D3-BF4B-00C04F79EFBC}") = "ConsoleApplication1", "ConsoleApplication1\ConsoleApplication1.csproj", "{C8D78604-EB5D-43A5-8F8E-6DBDE8EC9643}"
EndProject
Global
	GlobalSection(SolutionConfigurationPlatforms) = preSolution
		Debug|Any CPU = Debug|Any CPU
		Release|Any CPU = Release|Any CPU
	EndGlobalSection
	GlobalSection(ProjectConfigurationPlatforms) = postSolution
		{C8D78604-EB5D-43A5-8F8E-6DBDE8EC9643}.Debug|Any CPU.ActiveCfg = Debug|Any CPU
		{C8D78604-EB5D-43A5-8F8E-6DBDE8EC9643}.Debug|Any CPU.Build.0 = Debug|Any CPU
		{C8D78604-EB5D-43A5-8F8E-6DBDE8EC9643}.Release|Any CPU.ActiveCfg = Release|Any CPU
		{C8D78604-EB5D-43A5-8F8E-6DBDE8EC9643}.Release|Any CPU.Build.0 = Release|Any CPU
	EndGlobalSection
	GlobalSection(SolutionProperties) = preSolution
		HideSolutionNode = FALSE
	EndGlobalSection
EndGlobal
